Microsoft Visual Studio Solution File, Format Version 12.00
# Visual Studio Version 17
VisualStudioVersion = 17.0.31903.59
MinimumVisualStudioVersion = 10.0.40219.1
Project("{FAE04EC0-301F-11D3-BF4B-00C04F79EFBC}") = "MCToCMZWorldConverter", "MCToCMZWorldConverter\MCToCMZWorldConverter.csproj", "{C79D5170-7D12-469F-8C79-0123C6DEAC02}"
EndProject
Global
	GlobalSection(SolutionConfigurationPlatforms) = preSolution
		Debug|x86 = Debug|x86
		Release|x86 = Release|x86
	EndGlobalSection
	GlobalSection(ProjectConfigurationPlatforms) = postSolution
		{C79D5170-7D12-469F-8C79-0123C6DEAC02}.Debug|x86.ActiveCfg = Debug|x86
		{C79D5170-7D12-469F-8C79-0123C6DEAC02}.Debug|x86.Build.0 = Debug|x86
		{C79D5170-7D12-469F-8C79-0123C6DEAC02}.Release|x86.ActiveCfg = Release|x86
		{C79D5170-7D12-469F-8C79-0123C6DEAC02}.Release|x86.Build.0 = Release|x86
	EndGlobalSection
EndGlobal
